# This is a Gradle generated file for dependency locking.
# Manual edits can break the build and are not advised.
# This file is expected to be part of source control.
ca.weblite:java-objc-bridge:1.1=compileClasspath
com.electronwill.night-config:core:3.8.3=compileClasspath
com.electronwill.night-config:toml:3.8.3=compileClasspath
com.github.oshi:oshi-core:6.4.10=compileClasspath
com.google.code.findbugs:jsr305:3.0.2=compileClasspath
com.google.code.gson:gson:2.10.1=compileClasspath,neoFormRuntimeExternalTools
com.google.errorprone:error_prone_annotations:2.18.0=compileClasspath
com.google.guava:failureaccess:1.0.1=compileClasspath
com.google.guava:guava:32.1.2-jre=compileClasspath
com.google.guava:listenablefuture:9999.0-empty-to-avoid-conflict-with-guava=compileClasspath
com.google.j2objc:j2objc-annotations:2.8=compileClasspath
com.ibm.icu:icu4j:73.2=compileClasspath
com.machinezoo.noexception:noexception:1.7.1=compileClasspath
com.mojang:authlib:6.0.54=compileClasspath
com.mojang:blocklist:1.0.10=compileClasspath
com.mojang:brigadier:1.3.10=compileClasspath
com.mojang:datafixerupper:8.0.16=compileClasspath
com.mojang:logging:1.2.7=compileClasspath
com.mojang:patchy:2.2.10=compileClasspath
com.mojang:text2speech:1.17.9=compileClasspath
com.nothome:javaxdelta:2.0.1=neoFormRuntimeExternalTools
commons-codec:commons-codec:1.16.0=compileClasspath
commons-io:commons-io:2.15.1=compileClasspath
commons-logging:commons-logging:1.2=compileClasspath
cpw.mods:bootstraplauncher:2.0.2=compileClasspath
cpw.mods:modlauncher:11.0.5=compileClasspath
cpw.mods:securejarhandler:3.0.8=compileClasspath
de.siegmar:fastcsv:2.0.0=neoFormRuntimeExternalTools
io.codechicken:DiffPatch:2.0.0.36=neoFormRuntimeExternalTools
io.github.llamalad7:mixinextras-neoforge:0.5.3=compileClasspath
io.netty:netty-buffer:4.1.97.Final=compileClasspath
io.netty:netty-codec:4.1.97.Final=compileClasspath
io.netty:netty-common:4.1.97.Final=compileClasspath
io.netty:netty-handler:4.1.97.Final=compileClasspath
io.netty:netty-resolver:4.1.97.Final=compileClasspath
io.netty:netty-transport-classes-epoll:4.1.97.Final=compileClasspath
io.netty:netty-transport-native-unix-common:4.1.97.Final=compileClasspath
io.netty:netty-transport:4.1.97.Final=compileClasspath
it.unimi.dsi:fastutil:8.3.1=neoFormRuntimeExternalTools
it.unimi.dsi:fastutil:8.5.12=compileClasspath
net.covers1624:Quack:0.4.10.101=neoFormRuntimeExternalTools
net.fabricmc:sponge-mixin:0.15.2+mixin.0.8.7=compileClasspath
net.java.dev.jna:jna-platform:5.14.0=compileClasspath
net.java.dev.jna:jna:5.14.0=compileClasspath
net.jodah:typetools:0.6.3=compileClasspath
net.minecraftforge:mergetool:1.1.7=neoFormRuntimeExternalTools
net.minecraftforge:srgutils:0.4.15=neoFormRuntimeExternalTools
net.minecrell:terminalconsoleappender:1.3.0=compileClasspath
net.neoforged.accesstransformers:at-parser:13.0.1=neoFormRuntimeExternalTools
net.neoforged.fancymodloader:earlydisplay:4.0.44=compileClasspath
net.neoforged.fancymodloader:loader:4.0.44=compileClasspath
net.neoforged.installertools:binarypatcher:4.0.12=neoFormRuntimeExternalTools
net.neoforged.installertools:cli-utils:4.0.12=neoFormRuntimeExternalTools
net.neoforged.installertools:installertools:4.0.12=neoFormRuntimeExternalTools
net.neoforged.javadoctor:gson-io:2.0.17=neoFormRuntimeExternalTools
net.neoforged.javadoctor:spec:2.0.17=neoFormRuntimeExternalTools
net.neoforged.jst:jst-cli-bundle:2.0.10=neoFormRuntimeExternalTools
net.neoforged:AutoRenamingTool:2.0.17=neoFormRuntimeExternalTools
net.neoforged:JarJarFileSystems:0.4.1=compileClasspath
net.neoforged:JarJarMetadata:0.4.1=compileClasspath
net.neoforged:JarJarSelector:0.4.1=compileClasspath
net.neoforged:accesstransformers:10.0.1=compileClasspath
net.neoforged:accesstransformers:13.0.1=neoFormRuntimeExternalTools
net.neoforged:bus:8.0.5=compileClasspath
net.neoforged:coremods:7.0.3=compileClasspath
net.neoforged:mergetool:2.0.3=compileClasspath
net.neoforged:minecraft-dependencies:1.21.1=compileClasspath
net.neoforged:neoforge:21.1.250=compileClasspath
net.neoforged:neoform-runtime:2.0.27=neoFormRuntimeExternalTools,neoFormRuntimeTool
net.neoforged:neoform:1.21.1-20240808.144430=compileClasspath
net.neoforged:srgutils:1.0.0=neoFormRuntimeExternalTools
net.sf.jopt-simple:jopt-simple:5.0.4=compileClasspath
net.sf.jopt-simple:jopt-simple:6.0-alpha-3=neoFormRuntimeExternalTools
org.antlr:antlr4-runtime:4.13.1=compileClasspath
org.apache.commons:commons-compress:1.18=neoFormRuntimeExternalTools
org.apache.commons:commons-compress:1.26.0=compileClasspath
org.apache.commons:commons-lang3:3.14.0=compileClasspath
org.apache.commons:commons-lang3:3.9=neoFormRuntimeExternalTools
org.apache.httpcomponents:httpclient:4.5.13=compileClasspath
org.apache.httpcomponents:httpcore:4.4.16=compileClasspath
org.apache.logging.log4j:log4j-api:2.22.1=compileClasspath
org.apache.logging.log4j:log4j-core:2.22.1=compileClasspath
org.apache.logging.log4j:log4j-slf4j2-impl:2.22.1=compileClasspath
org.apache.maven:maven-artifact:3.8.5=compileClasspath
org.checkerframework:checker-qual:3.33.0=compileClasspath
org.codehaus.plexus:plexus-utils:3.3.0=compileClasspath
org.jcraft:jorbis:0.0.17=compileClasspath
org.jetbrains:annotations:24.1.0=compileClasspath
org.jline:jline-reader:3.20.0=compileClasspath
org.jline:jline-terminal:3.20.0=compileClasspath
org.joml:joml:1.10.5=compileClasspath
org.lwjgl:lwjgl-freetype:3.3.3=compileClasspath
org.lwjgl:lwjgl-glfw:3.3.3=compileClasspath
org.lwjgl:lwjgl-jemalloc:3.3.3=compileClasspath
org.lwjgl:lwjgl-openal:3.3.3=compileClasspath
org.lwjgl:lwjgl-opengl:3.3.3=compileClasspath
org.lwjgl:lwjgl-stb:3.3.3=compileClasspath
org.lwjgl:lwjgl-tinyfd:3.3.3=compileClasspath
org.lwjgl:lwjgl:3.3.3=compileClasspath
org.lz4:lz4-java:1.8.0=compileClasspath
org.openjdk.nashorn:nashorn-core:15.4=compileClasspath
org.ow2.asm:asm-analysis:9.10.1=compileClasspath
org.ow2.asm:asm-analysis:9.5=neoFormRuntimeExternalTools
org.ow2.asm:asm-commons:9.10.1=compileClasspath
org.ow2.asm:asm-commons:9.9.1=neoFormRuntimeExternalTools
org.ow2.asm:asm-tree:9.10.1=compileClasspath
org.ow2.asm:asm-tree:9.9.1=neoFormRuntimeExternalTools
org.ow2.asm:asm-util:9.10.1=compileClasspath
org.ow2.asm:asm-util:9.5=neoFormRuntimeExternalTools
org.ow2.asm:asm:9.10.1=compileClasspath
org.ow2.asm:asm:9.9.1=neoFormRuntimeExternalTools
org.slf4j:slf4j-api:2.0.9=compileClasspath
org.tukaani:xz:1.10=neoFormRuntimeExternalTools
trove:trove:1.0.2=neoFormRuntimeExternalTools
empty=accessTransformers,annotationProcessor,interfaceInjectionData,jarJar,parchmentData
